
Microsoft Visual Studio Solution File, Format Version 12.00
# Visual Studio 14
VisualStudioVersion = 14.0.24720.0
MinimumVisualStudioVersion = 10.0.40219.1
Project("{2150E333-8FDC-42A3-9474-1A3956D46DE8}") = ".nuget", ".nuget", "{C63E9C50-5D0F-458D-931B-A42D73762604}"
EndProject
Project("{FAE04EC0-301F-11D3-BF4B-00C04F79EFBC}") = "Recodify.Logging.WebApi", "src\Package.Logging.WebApi\Recodify.Logging.WebApi.csproj", "{C3430DD9-6C11-43FA-89E6-CFE0654B2D1A}"
EndProject
Project("{FAE04EC0-301F-11D3-BF4B-00C04F79EFBC}") = "Recodify.Logging.Trace", "src\Package.Logging.Trace\Recodify.Logging.Trace.csproj", "{71597ACC-4578-49D6-AA17-DC5C324476CB}"
EndProject
Project("{FAE04EC0-301F-11D3-BF4B-00C04F79EFBC}") = "Recodify.Logging.Listeners", "src\Package.Logging.Listeners\Recodify.Logging.Listeners.csproj", "{0B0C5925-29AE-435F-968B-92CD14753F48}"
EndProject
Project("{FAE04EC0-301F-11D3-BF4B-00C04F79EFBC}") = "Recodify.Messaging.RabbitMq", "src\Package.Messaging.RabbitMq\Recodify.Messaging.RabbitMq.csproj", "{893C2072-9F72-46BD-9133-A9F93A2B6647}"
EndProject
Project("{FAE04EC0-301F-11D3-BF4B-00C04F79EFBC}") = "UnitTests", "src\UnitTests\UnitTests.csproj", "{5382EF62-AF4F-483A-9274-51D97321C16B}"
EndProject
Project("{FAE04EC0-301F-11D3-BF4B-00C04F79EFBC}") = "Recodify.Logging.Mvc", "src\Recodify.Logging.Mvc\Recodify.Logging.Mvc.csproj", "{C95ABB65-5D3E-4EE6-B35C-FB0FF9FE9380}"
EndProject
Project("{FAE04EC0-301F-11D3-BF4B-00C04F79EFBC}") = "Recodify.Logging.Common", "src\Recodify.Logging.Web\Recodify.Logging.Common.csproj", "{09B891C7-ABA6-4A90-8EEF-434BC02EB719}"
EndProject
Project("{FAE04EC0-301F-11D3-BF4B-00C04F79EFBC}") = "TestProject", "src\TestProject\TestProject.csproj", "{16C81B98-C34B-4E15-ACE7-A9228F5FF897}"
EndProject
Global
	GlobalSection(SolutionConfigurationPlatforms) = preSolution
		Azure|Any CPU = Azure|Any CPU
		Azure|Mixed Platforms = Azure|Mixed Platforms
		Azure|x64 = Azure|x64
		Azure|x86 = Azure|x86
		AzureLive|Any CPU = AzureLive|Any CPU
		AzureLive|Mixed Platforms = AzureLive|Mixed Platforms
		AzureLive|x64 = AzureLive|x64
		AzureLive|x86 = AzureLive|x86
		Debug|Any CPU = Debug|Any CPU
		Debug|Mixed Platforms = Debug|Mixed Platforms
		Debug|x64 = Debug|x64
		Debug|x86 = Debug|x86
		Live|Any CPU = Live|Any CPU
		Live|Mixed Platforms = Live|Mixed Platforms
		Live|x64 = Live|x64
		Live|x86 = Live|x86
		Release|Any CPU = Release|Any CPU
		Release|Mixed Platforms = Release|Mixed Platforms
		Release|x64 = Release|x64
		Release|x86 = Release|x86
		Test|Any CPU = Test|Any CPU
		Test|Mixed Platforms = Test|Mixed Platforms
		Test|x64 = Test|x64
		Test|x86 = Test|x86
		UAT|Any CPU = UAT|Any CPU
		UAT|Mixed Platforms = UAT|Mixed Platforms
		UAT|x64 = UAT|x64
		UAT|x86 = UAT|x86
	EndGlobalSection
	GlobalSection(ProjectConfigurationPlatforms) = postSolution
		{C3430DD9-6C11-43FA-89E6-CFE0654B2D1A}.Azure|Any CPU.ActiveCfg = Release|Any CPU
		{C3430DD9-6C11-43FA-89E6-CFE0654B2D1A}.Azure|Mixed Platforms.ActiveCfg = Release|Any CPU
		{C3430DD9-6C11-43FA-89E6-CFE0654B2D1A}.Azure|x64.ActiveCfg = Release|Any CPU
		{C3430DD9-6C11-43FA-89E6-CFE0654B2D1A}.Azure|x86.ActiveCfg = Release|Any CPU
		{C3430DD9-6C11-43FA-89E6-CFE0654B2D1A}.AzureLive|Any CPU.ActiveCfg = Release|Any CPU
		{C3430DD9-6C11-43FA-89E6-CFE0654B2D1A}.AzureLive|Mixed Platforms.ActiveCfg = Release|Any CPU
		{C3430DD9-6C11-43FA-89E6-CFE0654B2D1A}.AzureLive|x64.ActiveCfg = Release|Any CPU
		{C3430DD9-6C11-43FA-89E6-CFE0654B2D1A}.AzureLive|x86.ActiveCfg = Release|Any CPU
		{C3430DD9-6C11-43FA-89E6-CFE0654B2D1A}.Debug|Any CPU.ActiveCfg = Debug|Any CPU
		{C3430DD9-6C11-43FA-89E6-CFE0654B2D1A}.Debug|Any CPU.Build.0 = Debug|Any CPU
		{C3430DD9-6C11-43FA-89E6-CFE0654B2D1A}.Debug|Mixed Platforms.ActiveCfg = Debug|Any CPU
		{C3430DD9-6C11-43FA-89E6-CFE0654B2D1A}.Debug|x64.ActiveCfg = Debug|Any CPU
		{C3430DD9-6C11-43FA-89E6-CFE0654B2D1A}.Debug|x86.ActiveCfg = Debug|Any CPU
		{C3430DD9-6C11-43FA-89E6-CFE0654B2D1A}.Live|Any CPU.ActiveCfg = Release|Any CPU
		{C3430DD9-6C11-43FA-89E6-CFE0654B2D1A}.Live|Mixed Platforms.ActiveCfg = Release|Any CPU
		{C3430DD9-6C11-43FA-89E6-CFE0654B2D1A}.Live|x64.ActiveCfg = Release|Any CPU
		{C3430DD9-6C11-43FA-89E6-CFE0654B2D1A}.Live|x86.ActiveCfg = Release|Any CPU
		{C3430DD9-6C11-43FA-89E6-CFE0654B2D1A}.Release|Any CPU.ActiveCfg = Release|Any CPU
		{C3430DD9-6C11-43FA-89E6-CFE0654B2D1A}.Release|Any CPU.Build.0 = Release|Any CPU
		{C3430DD9-6C11-43FA-89E6-CFE0654B2D1A}.Release|Mixed Platforms.ActiveCfg = Release|Any CPU
		{C3430DD9-6C11-43FA-89E6-CFE0654B2D1A}.Release|x64.ActiveCfg = Release|Any CPU
		{C3430DD9-6C11-43FA-89E6-CFE0654B2D1A}.Release|x86.ActiveCfg = Release|Any CPU
		{C3430DD9-6C11-43FA-89E6-CFE0654B2D1A}.Test|Any CPU.ActiveCfg = Release|Any CPU
		{C3430DD9-6C11-43FA-89E6-CFE0654B2D1A}.Test|Mixed Platforms.ActiveCfg = Release|Any CPU
		{C3430DD9-6C11-43FA-89E6-CFE0654B2D1A}.Test|x64.ActiveCfg = Release|Any CPU
		{C3430DD9-6C11-43FA-89E6-CFE0654B2D1A}.Test|x86.ActiveCfg = Release|Any CPU
		{C3430DD9-6C11-43FA-89E6-CFE0654B2D1A}.UAT|Any CPU.ActiveCfg = Release|Any CPU
		{C3430DD9-6C11-43FA-89E6-CFE0654B2D1A}.UAT|Mixed Platforms.ActiveCfg = Release|Any CPU
		{C3430DD9-6C11-43FA-89E6-CFE0654B2D1A}.UAT|x64.ActiveCfg = Release|Any CPU
		{C3430DD9-6C11-43FA-89E6-CFE0654B2D1A}.UAT|x86.ActiveCfg = Release|Any CPU
		{71597ACC-4578-49D6-AA17-DC5C324476CB}.Azure|Any CPU.ActiveCfg = Release|Any CPU
		{71597ACC-4578-49D6-AA17-DC5C324476CB}.Azure|Mixed Platforms.ActiveCfg = Release|Any CPU
		{71597ACC-4578-49D6-AA17-DC5C324476CB}.Azure|x64.ActiveCfg = Release|Any CPU
		{71597ACC-4578-49D6-AA17-DC5C324476CB}.Azure|x86.ActiveCfg = Release|Any CPU
		{71597ACC-4578-49D6-AA17-DC5C324476CB}.AzureLive|Any CPU.ActiveCfg = Release|Any CPU
		{71597ACC-4578-49D6-AA17-DC5C324476CB}.AzureLive|Mixed Platforms.ActiveCfg = Release|Any CPU
		{71597ACC-4578-49D6-AA17-DC5C324476CB}.AzureLive|x64.ActiveCfg = Release|Any CPU
		{71597ACC-4578-49D6-AA17-DC5C324476CB}.AzureLive|x86.ActiveCfg = Release|Any CPU
		{71597ACC-4578-49D6-AA17-DC5C324476CB}.Debug|Any CPU.ActiveCfg = Debug|Any CPU
		{71597ACC-4578-49D6-AA17-DC5C324476CB}.Debug|Any CPU.Build.0 = Debug|Any CPU
		{71597ACC-4578-49D6-AA17-DC5C324476CB}.Debug|Mixed Platforms.ActiveCfg = Debug|Any CPU
		{71597ACC-4578-49D6-AA17-DC5C324476CB}.Debug|x64.ActiveCfg = Debug|Any CPU
		{71597ACC-4578-49D6-AA17-DC5C324476CB}.Debug|x86.ActiveCfg = Debug|Any CPU
		{71597ACC-4578-49D6-AA17-DC5C324476CB}.Live|Any CPU.ActiveCfg = Release|Any CPU
		{71597ACC-4578-49D6-AA17-DC5C324476CB}.Live|Mixed Platforms.ActiveCfg = Release|Any CPU
		{71597ACC-4578-49D6-AA17-DC5C324476CB}.Live|x64.ActiveCfg = Release|Any CPU
		{71597ACC-4578-49D6-AA17-DC5C324476CB}.Live|x86.ActiveCfg = Release|Any CPU
		{71597ACC-4578-49D6-AA17-DC5C324476CB}.Release|Any CPU.ActiveCfg = Release|Any CPU
		{71597ACC-4578-49D6-AA17-DC5C324476CB}.Release|Any CPU.Build.0 = Release|Any CPU
		{71597ACC-4578-49D6-AA17-DC5C324476CB}.Release|Mixed Platforms.ActiveCfg = Release|Any CPU
		{71597ACC-4578-49D6-AA17-DC5C324476CB}.Release|x64.ActiveCfg = Release|Any CPU
		{71597ACC-4578-49D6-AA17-DC5C324476CB}.Release|x86.ActiveCfg = Release|Any CPU
		{71597ACC-4578-49D6-AA17-DC5C324476CB}.Test|Any CPU.ActiveCfg = Release|Any CPU
		{71597ACC-4578-49D6-AA17-DC5C324476CB}.Test|Mixed Platforms.ActiveCfg = Release|Any CPU
		{71597ACC-4578-49D6-AA17-DC5C324476CB}.Test|x64.ActiveCfg = Release|Any CPU
		{71597ACC-4578-49D6-AA17-DC5C324476CB}.Test|x86.ActiveCfg = Release|Any CPU
		{71597ACC-4578-49D6-AA17-DC5C324476CB}.UAT|Any CPU.ActiveCfg = Release|Any CPU
		{71597ACC-4578-49D6-AA17-DC5C324476CB}.UAT|Mixed Platforms.ActiveCfg = Release|Any CPU
		{71597ACC-4578-49D6-AA17-DC5C324476CB}.UAT|x64.ActiveCfg = Release|Any CPU
		{71597ACC-4578-49D6-AA17-DC5C324476CB}.UAT|x86.ActiveCfg = Release|Any CPU
		{0B0C5925-29AE-435F-968B-92CD14753F48}.Azure|Any CPU.ActiveCfg = Release|Any CPU
		{0B0C5925-29AE-435F-968B-92CD14753F48}.Azure|Mixed Platforms.ActiveCfg = Release|Any CPU
		{0B0C5925-29AE-435F-968B-92CD14753F48}.Azure|x64.ActiveCfg = Release|Any CPU
		{0B0C5925-29AE-435F-968B-92CD14753F48}.Azure|x86.ActiveCfg = Release|Any CPU
		{0B0C5925-29AE-435F-968B-92CD14753F48}.AzureLive|Any CPU.ActiveCfg = Release|Any CPU
		{0B0C5925-29AE-435F-968B-92CD14753F48}.AzureLive|Mixed Platforms.ActiveCfg = Release|Any CPU
		{0B0C5925-29AE-435F-968B-92CD14753F48}.AzureLive|x64.ActiveCfg = Release|Any CPU
		{0B0C5925-29AE-435F-968B-92CD14753F48}.AzureLive|x86.ActiveCfg = Release|Any CPU
		{0B0C5925-29AE-435F-968B-92CD14753F48}.Debug|Any CPU.ActiveCfg = Debug|Any CPU
		{0B0C5925-29AE-435F-968B-92CD14753F48}.Debug|Any CPU.Build.0 = Debug|Any CPU
		{0B0C5925-29AE-435F-968B-92CD14753F48}.Debug|Mixed Platforms.ActiveCfg = Debug|Any CPU
		{0B0C5925-29AE-435F-968B-92CD14753F48}.Debug|x64.ActiveCfg = Debug|Any CPU
		{0B0C5925-29AE-435F-968B-92CD14753F48}.Debug|x86.ActiveCfg = Debug|Any CPU
		{0B0C5925-29AE-435F-968B-92CD14753F48}.Live|Any CPU.ActiveCfg = Release|Any CPU
		{0B0C5925-29AE-435F-968B-92CD14753F48}.Live|Mixed Platforms.ActiveCfg = Release|Any CPU
		{0B0C5925-29AE-435F-968B-92CD14753F48}.Live|x64.ActiveCfg = Release|Any CPU
		{0B0C5925-29AE-435F-968B-92CD14753F48}.Live|x86.ActiveCfg = Release|Any CPU
		{0B0C5925-29AE-435F-968B-92CD14753F48}.Release|Any CPU.ActiveCfg = Release|Any CPU
		{0B0C5925-29AE-435F-968B-92CD14753F48}.Release|Any CPU.Build.0 = Release|Any CPU
		{0B0C5925-29AE-435F-968B-92CD14753F48}.Release|Mixed Platforms.ActiveCfg = Release|Any CPU
		{0B0C5925-29AE-435F-968B-92CD14753F48}.Release|x64.ActiveCfg = Release|Any CPU
		{0B0C5925-29AE-435F-968B-92CD14753F48}.Release|x86.ActiveCfg = Release|Any CPU
		{0B0C5925-29AE-435F-968B-92CD14753F48}.Test|Any CPU.ActiveCfg = Release|Any CPU
		{0B0C5925-29AE-435F-968B-92CD14753F48}.Test|Mixed Platforms.ActiveCfg = Release|Any CPU
		{0B0C5925-29AE-435F-968B-92CD14753F48}.Test|x64.ActiveCfg = Release|Any CPU
		{0B0C5925-29AE-435F-968B-92CD14753F48}.Test|x86.ActiveCfg = Release|Any CPU
		{0B0C5925-29AE-435F-968B-92CD14753F48}.UAT|Any CPU.ActiveCfg = Release|Any CPU
		{0B0C5925-29AE-435F-968B-92CD14753F48}.UAT|Mixed Platforms.ActiveCfg = Release|Any CPU
		{0B0C5925-29AE-435F-968B-92CD14753F48}.UAT|x64.ActiveCfg = Release|Any CPU
		{0B0C5925-29AE-435F-968B-92CD14753F48}.UAT|x86.ActiveCfg = Release|Any CPU
		{893C2072-9F72-46BD-9133-A9F93A2B6647}.Azure|Any CPU.ActiveCfg = Release|Any CPU
		{893C2072-9F72-46BD-9133-A9F93A2B6647}.Azure|Mixed Platforms.ActiveCfg = Release|Any CPU
		{893C2072-9F72-46BD-9133-A9F93A2B6647}.Azure|x64.ActiveCfg = Release|Any CPU
		{893C2072-9F72-46BD-9133-A9F93A2B6647}.Azure|x86.ActiveCfg = Release|Any CPU
		{893C2072-9F72-46BD-9133-A9F93A2B6647}.AzureLive|Any CPU.ActiveCfg = Release|Any CPU
		{893C2072-9F72-46BD-9133-A9F93A2B6647}.AzureLive|Mixed Platforms.ActiveCfg = Release|Any CPU
		{893C2072-9F72-46BD-9133-A9F93A2B6647}.AzureLive|x64.ActiveCfg = Release|Any CPU
		{893C2072-9F72-46BD-9133-A9F93A2B6647}.AzureLive|x86.ActiveCfg = Release|Any CPU
		{893C2072-9F72-46BD-9133-A9F93A2B6647}.Debug|Any CPU.ActiveCfg = Debug|Any CPU
		{893C2072-9F72-46BD-9133-A9F93A2B6647}.Debug|Any CPU.Build.0 = Debug|Any CPU
		{893C2072-9F72-46BD-9133-A9F93A2B6647}.Debug|Mixed Platforms.ActiveCfg = Debug|Any CPU
		{893C2072-9F72-46BD-9133-A9F93A2B6647}.Debug|x64.ActiveCfg = Debug|Any CPU
		{893C2072-9F72-46BD-9133-A9F93A2B6647}.Debug|x86.ActiveCfg = Debug|Any CPU
		{893C2072-9F72-46BD-9133-A9F93A2B6647}.Live|Any CPU.ActiveCfg = Release|Any CPU
		{893C2072-9F72-46BD-9133-A9F93A2B6647}.Live|Mixed Platforms.ActiveCfg = Release|Any CPU
		{893C2072-9F72-46BD-9133-A9F93A2B6647}.Live|x64.ActiveCfg = Release|Any CPU
		{893C2072-9F72-46BD-9133-A9F93A2B6647}.Live|x86.ActiveCfg = Release|Any CPU
		{893C2072-9F72-46BD-9133-A9F93A2B6647}.Release|Any CPU.ActiveCfg = Release|Any CPU
		{893C2072-9F72-46BD-9133-A9F93A2B6647}.Release|Any CPU.Build.0 = Release|Any CPU
		{893C2072-9F72-46BD-9133-A9F93A2B6647}.Release|Mixed Platforms.ActiveCfg = Release|Any CPU
		{893C2072-9F72-46BD-9133-A9F93A2B6647}.Release|x64.ActiveCfg = Release|Any CPU
		{893C2072-9F72-46BD-9133-A9F93A2B6647}.Release|x86.ActiveCfg = Release|Any CPU
		{893C2072-9F72-46BD-9133-A9F93A2B6647}.Test|Any CPU.ActiveCfg = Release|Any CPU
		{893C2072-9F72-46BD-9133-A9F93A2B6647}.Test|Mixed Platforms.ActiveCfg = Release|Any CPU
		{893C2072-9F72-46BD-9133-A9F93A2B6647}.Test|x64.ActiveCfg = Release|Any CPU
		{893C2072-9F72-46BD-9133-A9F93A2B6647}.Test|x86.ActiveCfg = Release|Any CPU
		{893C2072-9F72-46BD-9133-A9F93A2B6647}.UAT|Any CPU.ActiveCfg = Release|Any CPU
		{893C2072-9F72-46BD-9133-A9F93A2B6647}.UAT|Mixed Platforms.ActiveCfg = Release|Any CPU
		{893C2072-9F72-46BD-9133-A9F93A2B6647}.UAT|x64.ActiveCfg = Release|Any CPU
		{893C2072-9F72-46BD-9133-A9F93A2B6647}.UAT|x86.ActiveCfg = Release|Any CPU
		{5382EF62-AF4F-483A-9274-51D97321C16B}.Azure|Any CPU.ActiveCfg = Release|Any CPU
		{5382EF62-AF4F-483A-9274-51D97321C16B}.Azure|Mixed Platforms.ActiveCfg = Release|Any CPU
		{5382EF62-AF4F-483A-9274-51D97321C16B}.Azure|x64.ActiveCfg = Release|Any CPU
		{5382EF62-AF4F-483A-9274-51D97321C16B}.Azure|x86.ActiveCfg = Release|Any CPU
		{5382EF62-AF4F-483A-9274-51D97321C16B}.AzureLive|Any CPU.ActiveCfg = Release|Any CPU
		{5382EF62-AF4F-483A-9274-51D97321C16B}.AzureLive|Mixed Platforms.ActiveCfg = Release|Any CPU
		{5382EF62-AF4F-483A-9274-51D97321C16B}.AzureLive|x64.ActiveCfg = Release|Any CPU
		{5382EF62-AF4F-483A-9274-51D97321C16B}.AzureLive|x86.ActiveCfg = Release|Any CPU
		{5382EF62-AF4F-483A-9274-51D97321C16B}.Debug|Any CPU.ActiveCfg = Debug|Any CPU
		{5382EF62-AF4F-483A-9274-51D97321C16B}.Debug|Any CPU.Build.0 = Debug|Any CPU
		{5382EF62-AF4F-483A-9274-51D97321C16B}.Debug|Mixed Platforms.ActiveCfg = Debug|Any CPU
		{5382EF62-AF4F-483A-9274-51D97321C16B}.Debug|x64.ActiveCfg = Debug|Any CPU
		{5382EF62-AF4F-483A-9274-51D97321C16B}.Debug|x86.ActiveCfg = Debug|Any CPU
		{5382EF62-AF4F-483A-9274-51D97321C16B}.Live|Any CPU.ActiveCfg = Release|Any CPU
		{5382EF62-AF4F-483A-9274-51D97321C16B}.Live|Mixed Platforms.ActiveCfg = Release|Any CPU
		{5382EF62-AF4F-483A-9274-51D97321C16B}.Live|x64.ActiveCfg = Release|Any CPU
		{5382EF62-AF4F-483A-9274-51D97321C16B}.Live|x86.ActiveCfg = Release|Any CPU
		{5382EF62-AF4F-483A-9274-51D97321C16B}.Release|Any CPU.ActiveCfg = Release|Any CPU
		{5382EF62-AF4F-483A-9274-51D97321C16B}.Release|Any CPU.Build.0 = Release|Any CPU
		{5382EF62-AF4F-483A-9274-51D97321C16B}.Release|Mixed Platforms.ActiveCfg = Release|Any CPU
		{5382EF62-AF4F-483A-9274-51D97321C16B}.Release|x64.ActiveCfg = Release|Any CPU
		{5382EF62-AF4F-483A-9274-51D97321C16B}.Release|x86.ActiveCfg = Release|Any CPU
		{5382EF62-AF4F-483A-9274-51D97321C16B}.Test|Any CPU.ActiveCfg = Release|Any CPU
		{5382EF62-AF4F-483A-9274-51D97321C16B}.Test|Mixed Platforms.ActiveCfg = Release|Any CPU
		{5382EF62-AF4F-483A-9274-51D97321C16B}.Test|x64.ActiveCfg = Release|Any CPU
		{5382EF62-AF4F-483A-9274-51D97321C16B}.Test|x86.ActiveCfg = Release|Any CPU
		{5382EF62-AF4F-483A-9274-51D97321C16B}.UAT|Any CPU.ActiveCfg = Release|Any CPU
		{5382EF62-AF4F-483A-9274-51D97321C16B}.UAT|Mixed Platforms.ActiveCfg = Release|Any CPU
		{5382EF62-AF4F-483A-9274-51D97321C16B}.UAT|x64.ActiveCfg = Release|Any CPU
		{5382EF62-AF4F-483A-9274-51D97321C16B}.UAT|x86.ActiveCfg = Release|Any CPU
		{C95ABB65-5D3E-4EE6-B35C-FB0FF9FE9380}.Azure|Any CPU.ActiveCfg = Release|Any CPU
		{C95ABB65-5D3E-4EE6-B35C-FB0FF9FE9380}.Azure|Mixed Platforms.ActiveCfg = Release|Any CPU
		{C95ABB65-5D3E-4EE6-B35C-FB0FF9FE9380}.Azure|x64.ActiveCfg = Release|Any CPU
		{C95ABB65-5D3E-4EE6-B35C-FB0FF9FE9380}.Azure|x86.ActiveCfg = Release|Any CPU
		{C95ABB65-5D3E-4EE6-B35C-FB0FF9FE9380}.AzureLive|Any CPU.ActiveCfg = Release|Any CPU
		{C95ABB65-5D3E-4EE6-B35C-FB0FF9FE9380}.AzureLive|Mixed Platforms.ActiveCfg = Release|Any CPU
		{C95ABB65-5D3E-4EE6-B35C-FB0FF9FE9380}.AzureLive|x64.ActiveCfg = Release|Any CPU
		{C95ABB65-5D3E-4EE6-B35C-FB0FF9FE9380}.AzureLive|x86.ActiveCfg = Release|Any CPU
		{C95ABB65-5D3E-4EE6-B35C-FB0FF9FE9380}.Debug|Any CPU.ActiveCfg = Debug|Any CPU
		{C95ABB65-5D3E-4EE6-B35C-FB0FF9FE9380}.Debug|Any CPU.Build.0 = Debug|Any CPU
		{C95ABB65-5D3E-4EE6-B35C-FB0FF9FE9380}.Debug|Mixed Platforms.ActiveCfg = Debug|Any CPU
		{C95ABB65-5D3E-4EE6-B35C-FB0FF9FE9380}.Debug|x64.ActiveCfg = Debug|Any CPU
		{C95ABB65-5D3E-4EE6-B35C-FB0FF9FE9380}.Debug|x86.ActiveCfg = Debug|Any CPU
		{C95ABB65-5D3E-4EE6-B35C-FB0FF9FE9380}.Live|Any CPU.ActiveCfg = Release|Any CPU
		{C95ABB65-5D3E-4EE6-B35C-FB0FF9FE9380}.Live|Mixed Platforms.ActiveCfg = Release|Any CPU
		{C95ABB65-5D3E-4EE6-B35C-FB0FF9FE9380}.Live|x64.ActiveCfg = Release|Any CPU
		{C95ABB65-5D3E-4EE6-B35C-FB0FF9FE9380}.Live|x86.ActiveCfg = Release|Any CPU
		{C95ABB65-5D3E-4EE6-B35C-FB0FF9FE9380}.Release|Any CPU.ActiveCfg = Release|Any CPU
		{C95ABB65-5D3E-4EE6-B35C-FB0FF9FE9380}.Release|Any CPU.Build.0 = Release|Any CPU
		{C95ABB65-5D3E-4EE6-B35C-FB0FF9FE9380}.Release|Mixed Platforms.ActiveCfg = Release|Any CPU
		{C95ABB65-5D3E-4EE6-B35C-FB0FF9FE9380}.Release|x64.ActiveCfg = Release|Any CPU
		{C95ABB65-5D3E-4EE6-B35C-FB0FF9FE9380}.Release|x86.ActiveCfg = Release|Any CPU
		{C95ABB65-5D3E-4EE6-B35C-FB0FF9FE9380}.Test|Any CPU.ActiveCfg = Release|Any CPU
		{C95ABB65-5D3E-4EE6-B35C-FB0FF9FE9380}.Test|Mixed Platforms.ActiveCfg = Release|Any CPU
		{C95ABB65-5D3E-4EE6-B35C-FB0FF9FE9380}.Test|x64.ActiveCfg = Release|Any CPU
		{C95ABB65-5D3E-4EE6-B35C-FB0FF9FE9380}.Test|x86.ActiveCfg = Release|Any CPU
		{C95ABB65-5D3E-4EE6-B35C-FB0FF9FE9380}.UAT|Any CPU.ActiveCfg = Release|Any CPU
		{C95ABB65-5D3E-4EE6-B35C-FB0FF9FE9380}.UAT|Mixed Platforms.ActiveCfg = Release|Any CPU
		{C95ABB65-5D3E-4EE6-B35C-FB0FF9FE9380}.UAT|x64.ActiveCfg = Release|Any CPU
		{C95ABB65-5D3E-4EE6-B35C-FB0FF9FE9380}.UAT|x86.ActiveCfg = Release|Any CPU
		{09B891C7-ABA6-4A90-8EEF-434BC02EB719}.Azure|Any CPU.ActiveCfg = Release|Any CPU
		{09B891C7-ABA6-4A90-8EEF-434BC02EB719}.Azure|Mixed Platforms.ActiveCfg = Release|Any CPU
		{09B891C7-ABA6-4A90-8EEF-434BC02EB719}.Azure|x64.ActiveCfg = Release|Any CPU
		{09B891C7-ABA6-4A90-8EEF-434BC02EB719}.Azure|x86.ActiveCfg = Release|Any CPU
		{09B891C7-ABA6-4A90-8EEF-434BC02EB719}.AzureLive|Any CPU.ActiveCfg = Release|Any CPU
		{09B891C7-ABA6-4A90-8EEF-434BC02EB719}.AzureLive|Mixed Platforms.ActiveCfg = Release|Any CPU
		{09B891C7-ABA6-4A90-8EEF-434BC02EB719}.AzureLive|x64.ActiveCfg = Release|Any CPU
		{09B891C7-ABA6-4A90-8EEF-434BC02EB719}.AzureLive|x86.ActiveCfg = Release|Any CPU
		{09B891C7-ABA6-4A90-8EEF-434BC02EB719}.Debug|Any CPU.ActiveCfg = Debug|Any CPU
		{09B891C7-ABA6-4A90-8EEF-434BC02EB719}.Debug|Any CPU.Build.0 = Debug|Any CPU
		{09B891C7-ABA6-4A90-8EEF-434BC02EB719}.Debug|Mixed Platforms.ActiveCfg = Debug|Any CPU
		{09B891C7-ABA6-4A90-8EEF-434BC02EB719}.Debug|x64.ActiveCfg = Debug|Any CPU
		{09B891C7-ABA6-4A90-8EEF-434BC02EB719}.Debug|x86.ActiveCfg = Debug|Any CPU
		{09B891C7-ABA6-4A90-8EEF-434BC02EB719}.Live|Any CPU.ActiveCfg = Release|Any CPU
		{09B891C7-ABA6-4A90-8EEF-434BC02EB719}.Live|Mixed Platforms.ActiveCfg = Release|Any CPU
		{09B891C7-ABA6-4A90-8EEF-434BC02EB719}.Live|x64.ActiveCfg = Release|Any CPU
		{09B891C7-ABA6-4A90-8EEF-434BC02EB719}.Live|x86.ActiveCfg = Release|Any CPU
		{09B891C7-ABA6-4A90-8EEF-434BC02EB719}.Release|Any CPU.ActiveCfg = Release|Any CPU
		{09B891C7-ABA6-4A90-8EEF-434BC02EB719}.Release|Any CPU.Build.0 = Release|Any CPU
		{09B891C7-ABA6-4A90-8EEF-434BC02EB719}.Release|Mixed Platforms.ActiveCfg = Release|Any CPU
		{09B891C7-ABA6-4A90-8EEF-434BC02EB719}.Release|x64.ActiveCfg = Release|Any CPU
		{09B891C7-ABA6-4A90-8EEF-434BC02EB719}.Release|x86.ActiveCfg = Release|Any CPU
		{09B891C7-ABA6-4A90-8EEF-434BC02EB719}.Test|Any CPU.ActiveCfg = Release|Any CPU
		{09B891C7-ABA6-4A90-8EEF-434BC02EB719}.Test|Mixed Platforms.ActiveCfg = Release|Any CPU
		{09B891C7-ABA6-4A90-8EEF-434BC02EB719}.Test|x64.ActiveCfg = Release|Any CPU
		{09B891C7-ABA6-4A90-8EEF-434BC02EB719}.Test|x86.ActiveCfg = Release|Any CPU
		{09B891C7-ABA6-4A90-8EEF-434BC02EB719}.UAT|Any CPU.ActiveCfg = Release|Any CPU
		{09B891C7-ABA6-4A90-8EEF-434BC02EB719}.UAT|Mixed Platforms.ActiveCfg = Release|Any CPU
		{09B891C7-ABA6-4A90-8EEF-434BC02EB719}.UAT|x64.ActiveCfg = Release|Any CPU
		{09B891C7-ABA6-4A90-8EEF-434BC02EB719}.UAT|x86.ActiveCfg = Release|Any CPU
		{16C81B98-C34B-4E15-ACE7-A9228F5FF897}.Azure|Any CPU.ActiveCfg = Release|Any CPU
		{16C81B98-C34B-4E15-ACE7-A9228F5FF897}.Azure|Mixed Platforms.ActiveCfg = Release|Any CPU
		{16C81B98-C34B-4E15-ACE7-A9228F5FF897}.Azure|x64.ActiveCfg = Release|Any CPU
		{16C81B98-C34B-4E15-ACE7-A9228F5FF897}.Azure|x86.ActiveCfg = Release|Any CPU
		{16C81B98-C34B-4E15-ACE7-A9228F5FF897}.AzureLive|Any CPU.ActiveCfg = Release|Any CPU
		{16C81B98-C34B-4E15-ACE7-A9228F5FF897}.AzureLive|Mixed Platforms.ActiveCfg = Release|Any CPU
		{16C81B98-C34B-4E15-ACE7-A9228F5FF897}.AzureLive|x64.ActiveCfg = Release|Any CPU
		{16C81B98-C34B-4E15-ACE7-A9228F5FF897}.AzureLive|x86.ActiveCfg = Release|Any CPU
		{16C81B98-C34B-4E15-ACE7-A9228F5FF897}.Debug|Any CPU.ActiveCfg = Debug|Any CPU
		{16C81B98-C34B-4E15-ACE7-A9228F5FF897}.Debug|Any CPU.Build.0 = Debug|Any CPU
		{16C81B98-C34B-4E15-ACE7-A9228F5FF897}.Debug|Mixed Platforms.ActiveCfg = Debug|Any CPU
		{16C81B98-C34B-4E15-ACE7-A9228F5FF897}.Debug|x64.ActiveCfg = Debug|Any CPU
		{16C81B98-C34B-4E15-ACE7-A9228F5FF897}.Debug|x86.ActiveCfg = Debug|Any CPU
		{16C81B98-C34B-4E15-ACE7-A9228F5FF897}.Live|Any CPU.ActiveCfg = Release|Any CPU
		{16C81B98-C34B-4E15-ACE7-A9228F5FF897}.Live|Mixed Platforms.ActiveCfg = Release|Any CPU
		{16C81B98-C34B-4E15-ACE7-A9228F5FF897}.Live|x64.ActiveCfg = Release|Any CPU
		{16C81B98-C34B-4E15-ACE7-A9228F5FF897}.Live|x86.ActiveCfg = Release|Any CPU
		{16C81B98-C34B-4E15-ACE7-A9228F5FF897}.Release|Any CPU.ActiveCfg = Release|Any CPU
		{16C81B98-C34B-4E15-ACE7-A9228F5FF897}.Release|Any CPU.Build.0 = Release|Any CPU
		{16C81B98-C34B-4E15-ACE7-A9228F5FF897}.Release|Mixed Platforms.ActiveCfg = Release|Any CPU
		{16C81B98-C34B-4E15-ACE7-A9228F5FF897}.Release|x64.ActiveCfg = Release|Any CPU
		{16C81B98-C34B-4E15-ACE7-A9228F5FF897}.Release|x86.ActiveCfg = Release|Any CPU
		{16C81B98-C34B-4E15-ACE7-A9228F5FF897}.Test|Any CPU.ActiveCfg = Release|Any CPU
		{16C81B98-C34B-4E15-ACE7-A9228F5FF897}.Test|Mixed Platforms.ActiveCfg = Release|Any CPU
		{16C81B98-C34B-4E15-ACE7-A9228F5FF897}.Test|x64.ActiveCfg = Release|Any CPU
		{16C81B98-C34B-4E15-ACE7-A9228F5FF897}.Test|x86.ActiveCfg = Release|Any CPU
		{16C81B98-C34B-4E15-ACE7-A9228F5FF897}.UAT|Any CPU.ActiveCfg = Release|Any CPU
		{16C81B98-C34B-4E15-ACE7-A9228F5FF897}.UAT|Mixed Platforms.ActiveCfg = Release|Any CPU
		{16C81B98-C34B-4E15-ACE7-A9228F5FF897}.UAT|x64.ActiveCfg = Release|Any CPU
		{16C81B98-C34B-4E15-ACE7-A9228F5FF897}.UAT|x86.ActiveCfg = Release|Any CPU
	EndGlobalSection
	GlobalSection(SolutionProperties) = preSolution
		HideSolutionNode = FALSE
	EndGlobalSection
EndGlobal
